{
  "pins" : [
    {
      "identity" : "fonts",
      "kind" : "remoteSourceControl",
      "location" : "https://github.com/guardian/fonts.git",
      "state" : {
        "branch" : "main",
        "revision" : "8861ba9a4f5515f3c878ee9943ad1ec13f27f438"
      }
    },
    {
      "identity" : "qalam",
      "kind" : "remoteSourceControl",
      "location" : "https://github.com/guardian/qalam.git",
      "state" : {
        "branch" : "main",
        "revision" : "99d955af8a43c8ae3fd0c1c71ba2af099a49f2f6"
      }
    }
  ],
  "version" : 2
}
